
Microsoft Visual Studio Solution File, Format Version 12.00
# Visual Studio Version 16
VisualStudioVersion = 16.0.32413.511
MinimumVisualStudioVersion = 10.0.40219.1
Project("{FAE04EC0-301F-11D3-BF4B-00C04F79EFBC}") = "MaquinaTroco", "MaquinaTroco\MaquinaTroco.csproj", "{85431D8A-FD79-4766-AC72-C67DC7118035}"
EndProject
Global
	GlobalSection(SolutionConfigurationPlatforms) = preSolution
		Debug|Any CPU = Debug|Any CPU
		Release|Any CPU = Release|Any CPU
	EndGlobalSection
	GlobalSection(ProjectConfigurationPlatforms) = postSolution
		{85431D8A-FD79-4766-AC72-C67DC7118035}.Debug|Any CPU.ActiveCfg = Debug|Any CPU
		{85431D8A-FD79-4766-AC72-C67DC7118035}.Debug|Any CPU.Build.0 = Debug|Any CPU
		{85431D8A-FD79-4766-AC72-C67DC7118035}.Release|Any CPU.ActiveCfg = Release|Any CPU
		{85431D8A-FD79-4766-AC72-C67DC7118035}.Release|Any CPU.Build.0 = Release|Any CPU
	EndGlobalSection
	GlobalSection(SolutionProperties) = preSolution
		HideSolutionNode = FALSE
	EndGlobalSection
	GlobalSection(ExtensibilityGlobals) = postSolution
		SolutionGuid = {0F41F30F-FB13-4772-8AA9-31053A2AEBB6}
	EndGlobalSection
EndGlobal
